
Microsoft Visual Studio Solution File, Format Version 12.00
# Visual Studio Version 17
VisualStudioVersion = 17.10.35013.160
MinimumVisualStudioVersion = 10.0.40219.1
Project("{9A19103F-16F7-4668-BE54-9A1E7A4F7556}") = "MauiC#.Api", "..\MauiC#\MauiC#.Api\MauiC#.Api.csproj", "{A6E14788-DC32-4CAB-B510-5E2B0AC53CA9}"
EndProject
Project("{9A19103F-16F7-4668-BE54-9A1E7A4F7556}") = "MauiC#.Maui", "MauiC#.Maui\MauiC#.Maui.csproj", "{93D37091-7A82-4E2B-BBD6-C68579FBBF2C}"
EndProject
Project("{FAE04EC0-301F-11D3-BF4B-00C04F79EFBC}") = "AdminMap", "AdminMap\AdminMap.csproj", "{7157A3FC-8A36-4F9F-A7EA-797361336E64}"
EndProject
Global
	GlobalSection(SolutionConfigurationPlatforms) = preSolution
		Debug|Any CPU = Debug|Any CPU
		Release|Any CPU = Release|Any CPU
	EndGlobalSection
	GlobalSection(ProjectConfigurationPlatforms) = postSolution
		{A6E14788-DC32-4CAB-B510-5E2B0AC53CA9}.Debug|Any CPU.ActiveCfg = Debug|Any CPU
		{A6E14788-DC32-4CAB-B510-5E2B0AC53CA9}.Debug|Any CPU.Build.0 = Debug|Any CPU
		{A6E14788-DC32-4CAB-B510-5E2B0AC53CA9}.Release|Any CPU.ActiveCfg = Release|Any CPU
		{A6E14788-DC32-4CAB-B510-5E2B0AC53CA9}.Release|Any CPU.Build.0 = Release|Any CPU
		{93D37091-7A82-4E2B-BBD6-C68579FBBF2C}.Debug|Any CPU.ActiveCfg = Debug|Any CPU
		{93D37091-7A82-4E2B-BBD6-C68579FBBF2C}.Debug|Any CPU.Build.0 = Debug|Any CPU
		{93D37091-7A82-4E2B-BBD6-C68579FBBF2C}.Debug|Any CPU.Deploy.0 = Debug|Any CPU
		{93D37091-7A82-4E2B-BBD6-C68579FBBF2C}.Release|Any CPU.ActiveCfg = Release|Any CPU
		{93D37091-7A82-4E2B-BBD6-C68579FBBF2C}.Release|Any CPU.Build.0 = Release|Any CPU
		{93D37091-7A82-4E2B-BBD6-C68579FBBF2C}.Release|Any CPU.Deploy.0 = Release|Any CPU
		{7157A3FC-8A36-4F9F-A7EA-797361336E64}.Debug|Any CPU.ActiveCfg = Debug|Any CPU
		{7157A3FC-8A36-4F9F-A7EA-797361336E64}.Debug|Any CPU.Build.0 = Debug|Any CPU
		{7157A3FC-8A36-4F9F-A7EA-797361336E64}.Debug|Any CPU.Deploy.0 = Debug|Any CPU
		{7157A3FC-8A36-4F9F-A7EA-797361336E64}.Release|Any CPU.ActiveCfg = Release|Any CPU
		{7157A3FC-8A36-4F9F-A7EA-797361336E64}.Release|Any CPU.Build.0 = Release|Any CPU
		{7157A3FC-8A36-4F9F-A7EA-797361336E64}.Release|Any CPU.Deploy.0 = Release|Any CPU
	EndGlobalSection
	GlobalSection(SolutionProperties) = preSolution
		HideSolutionNode = FALSE
	EndGlobalSection
	GlobalSection(ExtensibilityGlobals) = postSolution
		SolutionGuid = {7CAD9150-31F7-4048-9218-8BF533FC1EE0}
	EndGlobalSection
EndGlobal
